PODS:
  - github-sdk (0.1.0)
  - github-sdk/Tests (0.1.0)

DEPENDENCIES:
  - github-sdk (from `../`)
  - github-sdk/Tests (from `../`)

EXTERNAL SOURCES:
  github-sdk:
    :path: "../"

SPEC CHECKSUMS:
  github-sdk: 89edff93bf05570fe17062a2b8405705d25d2761

PODFILE CHECKSUM: c78c402542caa0a0b595ab0f0615c304a9349f81

COCOAPODS: 1.15.2
